
Microsoft Visual Studio Solution File, Format Version 12.00
# Visual Studio Version 17
VisualStudioVersion = 17.11.35303.130
MinimumVisualStudioVersion = 10.0.40219.1
Project("{2150E333-8FDC-42A3-9474-1A3956D46DE8}") = "Task0", "Task0", "{8A8E5117-A63B-49BE-A597-FC295C069B7E}"
EndProject
Project("{9A19103F-16F7-4668-BE54-9A1E7A4F7556}") = "Tyuiu.BrezinaYS.Sprint3.Task0.V12", "Tyuiu.BrezinaYS.Sprint3.Task0.V12\Tyuiu.BrezinaYS.Sprint3.Task0.V12.csproj", "{497B19DF-7064-4940-A1CB-E607BB0F4169}"
EndProject
Project("{9A19103F-16F7-4668-BE54-9A1E7A4F7556}") = "Tyuiu.BrezinaYS.Sprint3.Task0.V12.Lib", "Tyuiu.BrezinaYS.Sprint3.Task0.V12.Lib\Tyuiu.BrezinaYS.Sprint3.Task0.V12.Lib.csproj", "{2A76ADC8-455A-4C67-A628-DE8F672B87C6}"
EndProject
Project("{9A19103F-16F7-4668-BE54-9A1E7A4F7556}") = "Tyuiu.BrezinaYS.Sprint3.Task0.V12.Test", "Tyuiu.BrezinaYS.Sprint3.Task0.V12.Test\Tyuiu.BrezinaYS.Sprint3.Task0.V12.Test.csproj", "{407AF7BC-DA0A-4E39-8B83-FA41FAA61EF4}"
EndProject
Project("{2150E333-8FDC-42A3-9474-1A3956D46DE8}") = "Task1", "Task1", "{5200E289-1D50-403A-A353-0540D0E8767F}"
EndProject
Project("{9A19103F-16F7-4668-BE54-9A1E7A4F7556}") = "Tyuiu.BrezinaYS.Sprint3.Task1.V25", "Tyuiu.BrezinaYS.Sprint3.Task1.V25\Tyuiu.BrezinaYS.Sprint3.Task1.V25.csproj", "{CE28A992-4266-4367-9B43-4B5B1CFD9A67}"
EndProject
Project("{9A19103F-16F7-4668-BE54-9A1E7A4F7556}") = "Tyuiu.BrezinaYS.Sprint3.Task1.V25.Lib", "Tyuiu.BrezinaYS.Sprint3.Task1.V25.Lib\Tyuiu.BrezinaYS.Sprint3.Task1.V25.Lib.csproj", "{A495A98C-BE5D-4D42-A168-C90F09BA5597}"
EndProject
Project("{9A19103F-16F7-4668-BE54-9A1E7A4F7556}") = "Tyuiu.BrezinaYS.Sprint3.Task1.V25.Test", "Tyuiu.BrezinaYS.Sprint3.Task1.V25.Test\Tyuiu.BrezinaYS.Sprint3.Task1.V25.Test.csproj", "{A6E14409-719A-49B9-B85A-94FF7552FF61}"
EndProject
Project("{2150E333-8FDC-42A3-9474-1A3956D46DE8}") = "Task2", "Task2", "{3CB9B3FD-B1C9-4241-A91B-D8E4CFFFCCEA}"
EndProject
Project("{9A19103F-16F7-4668-BE54-9A1E7A4F7556}") = "Tyuiu.BrezinaYS.Sprint3.Task2.V19", "Tyuiu.BrezinaYS.Sprint3.Task2.V19\Tyuiu.BrezinaYS.Sprint3.Task2.V19.csproj", "{C6B5BEB6-34B5-40AA-BF47-5D0F20DE3F9A}"
EndProject
Project("{9A19103F-16F7-4668-BE54-9A1E7A4F7556}") = "Tyuiu.BrezinaYS.Sprint3.Task2.V19.Lib", "Tyuiu.BrezinaYS.Sprint3.Task2.V19.Lib\Tyuiu.BrezinaYS.Sprint3.Task2.V19.Lib.csproj", "{48EE6D5F-8482-4146-85DC-8954B0A50809}"
EndProject
Project("{9A19103F-16F7-4668-BE54-9A1E7A4F7556}") = "Tyuiu.BrezinaYS.Sprint3.Task2.V19.Test", "Tyuiu.BrezinaYS.Sprint3.Task2.V19.Test\Tyuiu.BrezinaYS.Sprint3.Task2.V19.Test.csproj", "{B6E282EA-3A50-45A5-BBE6-121A3C506586}"
EndProject
Project("{2150E333-8FDC-42A3-9474-1A3956D46DE8}") = "Task3", "Task3", "{28292F4C-70C1-4178-8DE2-47E6E399C1D4}"
EndProject
Project("{9A19103F-16F7-4668-BE54-9A1E7A4F7556}") = "Tyuiu.BrezinaYS.Sprint3.Task3.V4", "Tyuiu.BrezinaYS.Sprint3.Task3.V4\Tyuiu.BrezinaYS.Sprint3.Task3.V4.csproj", "{E7857811-F9EC-4F33-90FF-93A3A778CBE5}"
EndProject
Project("{9A19103F-16F7-4668-BE54-9A1E7A4F7556}") = "Tyuiu.BrezinaYS.Sprint3.Task3.V4.Lib", "Tyuiu.BrezinaYS.Sprint3.Task3.V4.Lib\Tyuiu.BrezinaYS.Sprint3.Task3.V4.Lib.csproj", "{8B30D652-D493-45ED-A7A9-72E6817637B0}"
EndProject
Project("{9A19103F-16F7-4668-BE54-9A1E7A4F7556}") = "Tyuiu.BrezinaYS.Sprint3.Task3.V4.Test", "Tyuiu.BrezinaYS.Sprint3.Task3.V4.Test\Tyuiu.BrezinaYS.Sprint3.Task3.V4.Test.csproj", "{DCAC5621-9CA8-42F1-BF79-632965590589}"
EndProject
Project("{2150E333-8FDC-42A3-9474-1A3956D46DE8}") = "Task4", "Task4", "{5D068794-BAD5-41C0-9182-CE4C1545DC7B}"
EndProject
Project("{9A19103F-16F7-4668-BE54-9A1E7A4F7556}") = "Tyuiu.BrezinaYS.Sprint3.Task4.V29", "Tyuiu.BrezinaYS.Sprint3.Task4.V29\Tyuiu.BrezinaYS.Sprint3.Task4.V29.csproj", "{C5189150-6502-411A-87D4-5558FFCE1D95}"
EndProject
Project("{9A19103F-16F7-4668-BE54-9A1E7A4F7556}") = "Tyuiu.BrezinaYS.Sprint3.Task4.V29.Lib", "Tyuiu.BrezinaYS.Sprint3.Task4.V29.Lib\Tyuiu.BrezinaYS.Sprint3.Task4.V29.Lib.csproj", "{A32E01E5-FB71-4921-8E02-8803D5E465BD}"
EndProject
Project("{9A19103F-16F7-4668-BE54-9A1E7A4F7556}") = "Tyuiu.BrezinaYS.Sprint3.Task4.V29.Test", "Tyuiu.BrezinaYS.Sprint3.Task4.V29.Test\Tyuiu.BrezinaYS.Sprint3.Task4.V29.Test.csproj", "{659D5B4C-10BE-448D-B74C-B88D40AF966F}"
EndProject
Project("{2150E333-8FDC-42A3-9474-1A3956D46DE8}") = "Task5", "Task5", "{CD7F3F91-935C-4753-B21A-EF5EC5F8CC10}"
EndProject
Project("{9A19103F-16F7-4668-BE54-9A1E7A4F7556}") = "Tyuiu.BrezinaYS.Sprint3.Task5.V25", "Tyuiu.BrezinaYS.Sprint3.Task5.V25\Tyuiu.BrezinaYS.Sprint3.Task5.V25.csproj", "{A86DB56B-832F-4944-AE0C-8895B9DFA7CE}"
EndProject
Project("{9A19103F-16F7-4668-BE54-9A1E7A4F7556}") = "Tyuiu.BrezinaYS.Sprint3.Task5.V25.Lib", "Tyuiu.BrezinaYS.Sprint3.Task5.V25.Lib\Tyuiu.BrezinaYS.Sprint3.Task5.V25.Lib.csproj", "{232960EC-D06E-4BDD-85D4-A35EA50290D2}"
EndProject
Project("{9A19103F-16F7-4668-BE54-9A1E7A4F7556}") = "Tyuiu.BrezinaYS.Sprint3.Task5.V25.Test", "Tyuiu.BrezinaYS.Sprint3.Task5.V25.Test\Tyuiu.BrezinaYS.Sprint3.Task5.V25.Test.csproj", "{F83EBD28-056D-4BEC-9B41-C309E9B2B433}"
EndProject
Project("{2150E333-8FDC-42A3-9474-1A3956D46DE8}") = "Task6", "Task6", "{9481E0C2-A530-431F-8346-3D5E9E5E7DC5}"
EndProject
Project("{FAE04EC0-301F-11D3-BF4B-00C04F79EFBC}") = "Tyuiu.BrezinaYS.Sprint3.Task6.V17", "Tyuiu.BrezinaYS.Sprint3.Task6.V17\Tyuiu.BrezinaYS.Sprint3.Task6.V17.csproj", "{F40370DB-4332-4047-940B-50FA3B2D8098}"
EndProject
Project("{FAE04EC0-301F-11D3-BF4B-00C04F79EFBC}") = "Tyuiu.BrezinaYS.Sprint3.Task6.V17.Lib", "Tyuiu.BrezinaYS.Sprint3.Task6.V17.Lib\Tyuiu.BrezinaYS.Sprint3.Task6.V17.Lib.csproj", "{FE49DE5B-81A8-4247-8347-DC4A8F6E888E}"
EndProject
Project("{FAE04EC0-301F-11D3-BF4B-00C04F79EFBC}") = "Tyuiu.BrezinaYS.Sprint3.Task6.V17.Test", "Tyuiu.BrezinaYS.Sprint3.Task6.V17.Test\Tyuiu.BrezinaYS.Sprint3.Task6.V17.Test.csproj", "{67A6A28E-5750-42A5-B6B9-6D58DA653184}"
EndProject
Project("{2150E333-8FDC-42A3-9474-1A3956D46DE8}") = "Task7", "Task7", "{0E8DE481-B0BB-4267-9F08-2A6D63EF9B19}"
EndProject
Project("{FAE04EC0-301F-11D3-BF4B-00C04F79EFBC}") = "Tyuiu.BrezinaYS.Sprint3.Task7.V7", "Tyuiu.BrezinaYS.Sprint3.Task7.V7\Tyuiu.BrezinaYS.Sprint3.Task7.V7.csproj", "{194E3646-0D13-4E18-818E-62C3F8D527C3}"
EndProject
Project("{FAE04EC0-301F-11D3-BF4B-00C04F79EFBC}") = "Tyuiu.BrezinaYS.Sprint3.Task7.V7.Lib", "Tyuiu.BrezinaYS.Sprint3.Task7.V7.Lib\Tyuiu.BrezinaYS.Sprint3.Task7.V7.Lib.csproj", "{7B0684B9-0C77-42BE-94E7-CC8D7C5053EC}"
EndProject
Project("{FAE04EC0-301F-11D3-BF4B-00C04F79EFBC}") = "Tyuiu.BrezinaYS.Sprint3.Task7.V7.Test", "Tyuiu.BrezinaYS.Sprint3.Task7.V7.Test\Tyuiu.BrezinaYS.Sprint3.Task7.V7.Test.csproj", "{16E022A3-F9EE-4768-969C-A30BAAAEAAAE}"
EndProject
Global
	GlobalSection(SolutionConfigurationPlatforms) = preSolution
		Debug|Any CPU = Debug|Any CPU
		Release|Any CPU = Release|Any CPU
	EndGlobalSection
	GlobalSection(ProjectConfigurationPlatforms) = postSolution
		{497B19DF-7064-4940-A1CB-E607BB0F4169}.Debug|Any CPU.ActiveCfg = Debug|Any CPU
		{497B19DF-7064-4940-A1CB-E607BB0F4169}.Debug|Any CPU.Build.0 = Debug|Any CPU
		{497B19DF-7064-4940-A1CB-E607BB0F4169}.Release|Any CPU.ActiveCfg = Release|Any CPU
		{497B19DF-7064-4940-A1CB-E607BB0F4169}.Release|Any CPU.Build.0 = Release|Any CPU
		{2A76ADC8-455A-4C67-A628-DE8F672B87C6}.Debug|Any CPU.ActiveCfg = Debug|Any CPU
		{2A76ADC8-455A-4C67-A628-DE8F672B87C6}.Debug|Any CPU.Build.0 = Debug|Any CPU
		{2A76ADC8-455A-4C67-A628-DE8F672B87C6}.Release|Any CPU.ActiveCfg = Release|Any CPU
		{2A76ADC8-455A-4C67-A628-DE8F672B87C6}.Release|Any CPU.Build.0 = Release|Any CPU
		{407AF7BC-DA0A-4E39-8B83-FA41FAA61EF4}.Debug|Any CPU.ActiveCfg = Debug|Any CPU
		{407AF7BC-DA0A-4E39-8B83-FA41FAA61EF4}.Debug|Any CPU.Build.0 = Debug|Any CPU
		{407AF7BC-DA0A-4E39-8B83-FA41FAA61EF4}.Release|Any CPU.ActiveCfg = Release|Any CPU
		{407AF7BC-DA0A-4E39-8B83-FA41FAA61EF4}.Release|Any CPU.Build.0 = Release|Any CPU
		{CE28A992-4266-4367-9B43-4B5B1CFD9A67}.Debug|Any CPU.ActiveCfg = Debug|Any CPU
		{CE28A992-4266-4367-9B43-4B5B1CFD9A67}.Debug|Any CPU.Build.0 = Debug|Any CPU
		{CE28A992-4266-4367-9B43-4B5B1CFD9A67}.Release|Any CPU.ActiveCfg = Release|Any CPU
		{CE28A992-4266-4367-9B43-4B5B1CFD9A67}.Release|Any CPU.Build.0 = Release|Any CPU
		{A495A98C-BE5D-4D42-A168-C90F09BA5597}.Debug|Any CPU.ActiveCfg = Debug|Any CPU
		{A495A98C-BE5D-4D42-A168-C90F09BA5597}.Debug|Any CPU.Build.0 = Debug|Any CPU
		{A495A98C-BE5D-4D42-A168-C90F09BA5597}.Release|Any CPU.ActiveCfg = Release|Any CPU
		{A495A98C-BE5D-4D42-A168-C90F09BA5597}.Release|Any CPU.Build.0 = Release|Any CPU
		{A6E14409-719A-49B9-B85A-94FF7552FF61}.Debug|Any CPU.ActiveCfg = Debug|Any CPU
		{A6E14409-719A-49B9-B85A-94FF7552FF61}.Debug|Any CPU.Build.0 = Debug|Any CPU
		{A6E14409-719A-49B9-B85A-94FF7552FF61}.Release|Any CPU.ActiveCfg = Release|Any CPU
		{A6E14409-719A-49B9-B85A-94FF7552FF61}.Release|Any CPU.Build.0 = Release|Any CPU
		{C6B5BEB6-34B5-40AA-BF47-5D0F20DE3F9A}.Debug|Any CPU.ActiveCfg = Debug|Any CPU
		{C6B5BEB6-34B5-40AA-BF47-5D0F20DE3F9A}.Debug|Any CPU.Build.0 = Debug|Any CPU
		{C6B5BEB6-34B5-40AA-BF47-5D0F20DE3F9A}.Release|Any CPU.ActiveCfg = Release|Any CPU
		{C6B5BEB6-34B5-40AA-BF47-5D0F20DE3F9A}.Release|Any CPU.Build.0 = Release|Any CPU
		{48EE6D5F-8482-4146-85DC-8954B0A50809}.Debug|Any CPU.ActiveCfg = Debug|Any CPU
		{48EE6D5F-8482-4146-85DC-8954B0A50809}.Debug|Any CPU.Build.0 = Debug|Any CPU
		{48EE6D5F-8482-4146-85DC-8954B0A50809}.Release|Any CPU.ActiveCfg = Release|Any CPU
		{48EE6D5F-8482-4146-85DC-8954B0A50809}.Release|Any CPU.Build.0 = Release|Any CPU
		{B6E282EA-3A50-45A5-BBE6-121A3C506586}.Debug|Any CPU.ActiveCfg = Debug|Any CPU
		{B6E282EA-3A50-45A5-BBE6-121A3C506586}.Debug|Any CPU.Build.0 = Debug|Any CPU
		{B6E282EA-3A50-45A5-BBE6-121A3C506586}.Release|Any CPU.ActiveCfg = Release|Any CPU
		{B6E282EA-3A50-45A5-BBE6-121A3C506586}.Release|Any CPU.Build.0 = Release|Any CPU
		{E7857811-F9EC-4F33-90FF-93A3A778CBE5}.Debug|Any CPU.ActiveCfg = Debug|Any CPU
		{E7857811-F9EC-4F33-90FF-93A3A778CBE5}.Debug|Any CPU.Build.0 = Debug|Any CPU
		{E7857811-F9EC-4F33-90FF-93A3A778CBE5}.Release|Any CPU.ActiveCfg = Release|Any CPU
		{E7857811-F9EC-4F33-90FF-93A3A778CBE5}.Release|Any CPU.Build.0 = Release|Any CPU
		{8B30D652-D493-45ED-A7A9-72E6817637B0}.Debug|Any CPU.ActiveCfg = Debug|Any CPU
		{8B30D652-D493-45ED-A7A9-72E6817637B0}.Debug|Any CPU.Build.0 = Debug|Any CPU
		{8B30D652-D493-45ED-A7A9-72E6817637B0}.Release|Any CPU.ActiveCfg = Release|Any CPU
		{8B30D652-D493-45ED-A7A9-72E6817637B0}.Release|Any CPU.Build.0 = Release|Any CPU
		{DCAC5621-9CA8-42F1-BF79-632965590589}.Debug|Any CPU.ActiveCfg = Debug|Any CPU
		{DCAC5621-9CA8-42F1-BF79-632965590589}.Debug|Any CPU.Build.0 = Debug|Any CPU
		{DCAC5621-9CA8-42F1-BF79-632965590589}.Release|Any CPU.ActiveCfg = Release|Any CPU
		{DCAC5621-9CA8-42F1-BF79-632965590589}.Release|Any CPU.Build.0 = Release|Any CPU
		{C5189150-6502-411A-87D4-5558FFCE1D95}.Debug|Any CPU.ActiveCfg = Debug|Any CPU
		{C5189150-6502-411A-87D4-5558FFCE1D95}.Debug|Any CPU.Build.0 = Debug|Any CPU
		{C5189150-6502-411A-87D4-5558FFCE1D95}.Release|Any CPU.ActiveCfg = Release|Any CPU
		{C5189150-6502-411A-87D4-5558FFCE1D95}.Release|Any CPU.Build.0 = Release|Any CPU
		{A32E01E5-FB71-4921-8E02-8803D5E465BD}.Debug|Any CPU.ActiveCfg = Debug|Any CPU
		{A32E01E5-FB71-4921-8E02-8803D5E465BD}.Debug|Any CPU.Build.0 = Debug|Any CPU
		{A32E01E5-FB71-4921-8E02-8803D5E465BD}.Release|Any CPU.ActiveCfg = Release|Any CPU
		{A32E01E5-FB71-4921-8E02-8803D5E465BD}.Release|Any CPU.Build.0 = Release|Any CPU
		{659D5B4C-10BE-448D-B74C-B88D40AF966F}.Debug|Any CPU.ActiveCfg = Debug|Any CPU
		{659D5B4C-10BE-448D-B74C-B88D40AF966F}.Debug|Any CPU.Build.0 = Debug|Any CPU
		{659D5B4C-10BE-448D-B74C-B88D40AF966F}.Release|Any CPU.ActiveCfg = Release|Any CPU
		{659D5B4C-10BE-448D-B74C-B88D40AF966F}.Release|Any CPU.Build.0 = Release|Any CPU
		{A86DB56B-832F-4944-AE0C-8895B9DFA7CE}.Debug|Any CPU.ActiveCfg = Debug|Any CPU
		{A86DB56B-832F-4944-AE0C-8895B9DFA7CE}.Debug|Any CPU.Build.0 = Debug|Any CPU
		{A86DB56B-832F-4944-AE0C-8895B9DFA7CE}.Release|Any CPU.ActiveCfg = Release|Any CPU
		{A86DB56B-832F-4944-AE0C-8895B9DFA7CE}.Release|Any CPU.Build.0 = Release|Any CPU
		{232960EC-D06E-4BDD-85D4-A35EA50290D2}.Debug|Any CPU.ActiveCfg = Debug|Any CPU
		{232960EC-D06E-4BDD-85D4-A35EA50290D2}.Debug|Any CPU.Build.0 = Debug|Any CPU
		{232960EC-D06E-4BDD-85D4-A35EA50290D2}.Release|Any CPU.ActiveCfg = Release|Any CPU
		{232960EC-D06E-4BDD-85D4-A35EA50290D2}.Release|Any CPU.Build.0 = Release|Any CPU
		{F83EBD28-056D-4BEC-9B41-C309E9B2B433}.Debug|Any CPU.ActiveCfg = Debug|Any CPU
		{F83EBD28-056D-4BEC-9B41-C309E9B2B433}.Debug|Any CPU.Build.0 = Debug|Any CPU
		{F83EBD28-056D-4BEC-9B41-C309E9B2B433}.Release|Any CPU.ActiveCfg = Release|Any CPU
		{F83EBD28-056D-4BEC-9B41-C309E9B2B433}.Release|Any CPU.Build.0 = Release|Any CPU
		{F40370DB-4332-4047-940B-50FA3B2D8098}.Debug|Any CPU.ActiveCfg = Debug|Any CPU
		{F40370DB-4332-4047-940B-50FA3B2D8098}.Debug|Any CPU.Build.0 = Debug|Any CPU
		{F40370DB-4332-4047-940B-50FA3B2D8098}.Release|Any CPU.ActiveCfg = Release|Any CPU
		{F40370DB-4332-4047-940B-50FA3B2D8098}.Release|Any CPU.Build.0 = Release|Any CPU
		{FE49DE5B-81A8-4247-8347-DC4A8F6E888E}.Debug|Any CPU.ActiveCfg = Debug|Any CPU
		{FE49DE5B-81A8-4247-8347-DC4A8F6E888E}.Debug|Any CPU.Build.0 = Debug|Any CPU
		{FE49DE5B-81A8-4247-8347-DC4A8F6E888E}.Release|Any CPU.ActiveCfg = Release|Any CPU
		{FE49DE5B-81A8-4247-8347-DC4A8F6E888E}.Release|Any CPU.Build.0 = Release|Any CPU
		{67A6A28E-5750-42A5-B6B9-6D58DA653184}.Debug|Any CPU.ActiveCfg = Debug|Any CPU
		{67A6A28E-5750-42A5-B6B9-6D58DA653184}.Debug|Any CPU.Build.0 = Debug|Any CPU
		{67A6A28E-5750-42A5-B6B9-6D58DA653184}.Release|Any CPU.ActiveCfg = Release|Any CPU
		{67A6A28E-5750-42A5-B6B9-6D58DA653184}.Release|Any CPU.Build.0 = Release|Any CPU
		{194E3646-0D13-4E18-818E-62C3F8D527C3}.Debug|Any CPU.ActiveCfg = Debug|Any CPU
		{194E3646-0D13-4E18-818E-62C3F8D527C3}.Debug|Any CPU.Build.0 = Debug|Any CPU
		{194E3646-0D13-4E18-818E-62C3F8D527C3}.Release|Any CPU.ActiveCfg = Release|Any CPU
		{194E3646-0D13-4E18-818E-62C3F8D527C3}.Release|Any CPU.Build.0 = Release|Any CPU
		{7B0684B9-0C77-42BE-94E7-CC8D7C5053EC}.Debug|Any CPU.ActiveCfg = Debug|Any CPU
		{7B0684B9-0C77-42BE-94E7-CC8D7C5053EC}.Debug|Any CPU.Build.0 = Debug|Any CPU
		{7B0684B9-0C77-42BE-94E7-CC8D7C5053EC}.Release|Any CPU.ActiveCfg = Release|Any CPU
		{7B0684B9-0C77-42BE-94E7-CC8D7C5053EC}.Release|Any CPU.Build.0 = Release|Any CPU
		{16E022A3-F9EE-4768-969C-A30BAAAEAAAE}.Debug|Any CPU.ActiveCfg = Debug|Any CPU
		{16E022A3-F9EE-4768-969C-A30BAAAEAAAE}.Debug|Any CPU.Build.0 = Debug|Any CPU
		{16E022A3-F9EE-4768-969C-A30BAAAEAAAE}.Release|Any CPU.ActiveCfg = Release|Any CPU
		{16E022A3-F9EE-4768-969C-A30BAAAEAAAE}.Release|Any CPU.Build.0 = Release|Any CPU
	EndGlobalSection
	GlobalSection(SolutionProperties) = preSolution
		HideSolutionNode = FALSE
	EndGlobalSection
	GlobalSection(NestedProjects) = preSolution
		{497B19DF-7064-4940-A1CB-E607BB0F4169} = {8A8E5117-A63B-49BE-A597-FC295C069B7E}
		{2A76ADC8-455A-4C67-A628-DE8F672B87C6} = {8A8E5117-A63B-49BE-A597-FC295C069B7E}
		{407AF7BC-DA0A-4E39-8B83-FA41FAA61EF4} = {8A8E5117-A63B-49BE-A597-FC295C069B7E}
		{CE28A992-4266-4367-9B43-4B5B1CFD9A67} = {5200E289-1D50-403A-A353-0540D0E8767F}
		{A495A98C-BE5D-4D42-A168-C90F09BA5597} = {5200E289-1D50-403A-A353-0540D0E8767F}
		{A6E14409-719A-49B9-B85A-94FF7552FF61} = {5200E289-1D50-403A-A353-0540D0E8767F}
		{C6B5BEB6-34B5-40AA-BF47-5D0F20DE3F9A} = {3CB9B3FD-B1C9-4241-A91B-D8E4CFFFCCEA}
		{48EE6D5F-8482-4146-85DC-8954B0A50809} = {3CB9B3FD-B1C9-4241-A91B-D8E4CFFFCCEA}
		{B6E282EA-3A50-45A5-BBE6-121A3C506586} = {3CB9B3FD-B1C9-4241-A91B-D8E4CFFFCCEA}
		{E7857811-F9EC-4F33-90FF-93A3A778CBE5} = {28292F4C-70C1-4178-8DE2-47E6E399C1D4}
		{8B30D652-D493-45ED-A7A9-72E6817637B0} = {28292F4C-70C1-4178-8DE2-47E6E399C1D4}
		{DCAC5621-9CA8-42F1-BF79-632965590589} = {28292F4C-70C1-4178-8DE2-47E6E399C1D4}
		{C5189150-6502-411A-87D4-5558FFCE1D95} = {5D068794-BAD5-41C0-9182-CE4C1545DC7B}
		{A32E01E5-FB71-4921-8E02-8803D5E465BD} = {5D068794-BAD5-41C0-9182-CE4C1545DC7B}
		{659D5B4C-10BE-448D-B74C-B88D40AF966F} = {5D068794-BAD5-41C0-9182-CE4C1545DC7B}
		{A86DB56B-832F-4944-AE0C-8895B9DFA7CE} = {CD7F3F91-935C-4753-B21A-EF5EC5F8CC10}
		{232960EC-D06E-4BDD-85D4-A35EA50290D2} = {CD7F3F91-935C-4753-B21A-EF5EC5F8CC10}
		{F83EBD28-056D-4BEC-9B41-C309E9B2B433} = {CD7F3F91-935C-4753-B21A-EF5EC5F8CC10}
		{F40370DB-4332-4047-940B-50FA3B2D8098} = {9481E0C2-A530-431F-8346-3D5E9E5E7DC5}
		{FE49DE5B-81A8-4247-8347-DC4A8F6E888E} = {9481E0C2-A530-431F-8346-3D5E9E5E7DC5}
		{67A6A28E-5750-42A5-B6B9-6D58DA653184} = {9481E0C2-A530-431F-8346-3D5E9E5E7DC5}
		{194E3646-0D13-4E18-818E-62C3F8D527C3} = {0E8DE481-B0BB-4267-9F08-2A6D63EF9B19}
		{7B0684B9-0C77-42BE-94E7-CC8D7C5053EC} = {0E8DE481-B0BB-4267-9F08-2A6D63EF9B19}
		{16E022A3-F9EE-4768-969C-A30BAAAEAAAE} = {0E8DE481-B0BB-4267-9F08-2A6D63EF9B19}
	EndGlobalSection
	GlobalSection(ExtensibilityGlobals) = postSolution
		SolutionGuid = {6A8AAD13-A501-4FCE-AD56-6F29B3371DD7}
	EndGlobalSection
EndGlobal
